
Microsoft Visual Studio Solution File, Format Version 12.00
# Visual Studio Version 17
VisualStudioVersion = 17.0.32014.148
MinimumVisualStudioVersion = 10.0.40219.1
Project("{FAE04EC0-301F-11D3-BF4B-00C04F79EFBC}") = "OPZBD", "OPZBD\OPZBD.csproj", "{ED7CDD8F-EBFE-4E54-845D-6E4764EB829C}"
EndProject
Global
	GlobalSection(SolutionConfigurationPlatforms) = preSolution
		Debug|Any CPU = Debug|Any CPU
		Release|Any CPU = Release|Any CPU
	EndGlobalSection
	GlobalSection(ProjectConfigurationPlatforms) = postSolution
		{ED7CDD8F-EBFE-4E54-845D-6E4764EB829C}.Debug|Any CPU.ActiveCfg = Debug|Any CPU
		{ED7CDD8F-EBFE-4E54-845D-6E4764EB829C}.Debug|Any CPU.Build.0 = Debug|Any CPU
		{ED7CDD8F-EBFE-4E54-845D-6E4764EB829C}.Release|Any CPU.ActiveCfg = Release|Any CPU
		{ED7CDD8F-EBFE-4E54-845D-6E4764EB829C}.Release|Any CPU.Build.0 = Release|Any CPU
	EndGlobalSection
	GlobalSection(SolutionProperties) = preSolution
		HideSolutionNode = FALSE
	EndGlobalSection
	GlobalSection(ExtensibilityGlobals) = postSolution
		SolutionGuid = {E4C1008E-3C4E-4927-87D1-96A724DE728E}
	EndGlobalSection
EndGlobal
